
Microsoft Visual Studio Solution File, Format Version 12.00
# Visual Studio Version 16
VisualStudioVersion = 16.0.30621.155
MinimumVisualStudioVersion = 10.0.40219.1
Project("{FAE04EC0-301F-11D3-BF4B-00C04F79EFBC}") = "MyDemoApp", "MyDemoApp\MyDemoApp.csproj", "{FBC03E81-BEC7-4902-9985-1292E7159F3C}"
EndProject
Global
	GlobalSection(SolutionConfigurationPlatforms) = preSolution
		Debug|Any CPU = Debug|Any CPU
		Release|Any CPU = Release|Any CPU
	EndGlobalSection
	GlobalSection(ProjectConfigurationPlatforms) = postSolution
		{FBC03E81-BEC7-4902-9985-1292E7159F3C}.Debug|Any CPU.ActiveCfg = Debug|Any CPU
		{FBC03E81-BEC7-4902-9985-1292E7159F3C}.Debug|Any CPU.Build.0 = Debug|Any CPU
		{FBC03E81-BEC7-4902-9985-1292E7159F3C}.Release|Any CPU.ActiveCfg = Release|Any CPU
		{FBC03E81-BEC7-4902-9985-1292E7159F3C}.Release|Any CPU.Build.0 = Release|Any CPU
	EndGlobalSection
	GlobalSection(SolutionProperties) = preSolution
		HideSolutionNode = FALSE
	EndGlobalSection
	GlobalSection(ExtensibilityGlobals) = postSolution
		SolutionGuid = {37890BFA-1505-44BB-949A-1D454E4C1841}
	EndGlobalSection
EndGlobal
